
Microsoft Visual Studio Solution File, Format Version 12.00
# Visual Studio Version 17
VisualStudioVersion = 17.4.33110.190
MinimumVisualStudioVersion = 10.0.40219.1
Project("{9A19103F-16F7-4668-BE54-9A1E7A4F7556}") = "Biblioteca", "Biblioteca\Biblioteca.csproj", "{C905D171-2F84-40EE-AB7B-09B5D53BCF06}"
EndProject
Global
	GlobalSection(SolutionConfigurationPlatforms) = preSolution
		Debug|Any CPU = Debug|Any CPU
		Release|Any CPU = Release|Any CPU
	EndGlobalSection
	GlobalSection(ProjectConfigurationPlatforms) = postSolution
		{C905D171-2F84-40EE-AB7B-09B5D53BCF06}.Debug|Any CPU.ActiveCfg = Debug|Any CPU
		{C905D171-2F84-40EE-AB7B-09B5D53BCF06}.Debug|Any CPU.Build.0 = Debug|Any CPU
		{C905D171-2F84-40EE-AB7B-09B5D53BCF06}.Release|Any CPU.ActiveCfg = Release|Any CPU
		{C905D171-2F84-40EE-AB7B-09B5D53BCF06}.Release|Any CPU.Build.0 = Release|Any CPU
	EndGlobalSection
	GlobalSection(SolutionProperties) = preSolution
		HideSolutionNode = FALSE
	EndGlobalSection
	GlobalSection(ExtensibilityGlobals) = postSolution
		SolutionGuid = {70BC847A-F3A5-470E-BA40-47C99B82A925}
	EndGlobalSection
EndGlobal
